
Microsoft Visual Studio Solution File, Format Version 12.00
# Visual Studio Version 17
VisualStudioVersion = 17.0.31903.59
MinimumVisualStudioVersion = 10.0.40219.1
Project("{2150E333-8FDC-42A3-9474-1A3956D46DE8}") = "src", "src", "{827E0CD3-B72D-47B6-A68D-7590B98EB39B}"
EndProject
Project("{FAE04EC0-301F-11D3-BF4B-00C04F79EFBC}") = "B2CMigrationKit.Core", "src\B2CMigrationKit.Core\B2CMigrationKit.Core.csproj", "{39BC12E0-E29A-49D0-AAAC-6712DB42368E}"
EndProject
Project("{FAE04EC0-301F-11D3-BF4B-00C04F79EFBC}") = "B2CMigrationKit.Console", "src\B2CMigrationKit.Console\B2CMigrationKit.Console.csproj", "{2B94A206-C3A8-4AE9-98F4-D4E7D036026E}"
EndProject
Project("{FAE04EC0-301F-11D3-BF4B-00C04F79EFBC}") = "B2CMigrationKit.Function", "src\B2CMigrationKit.Function\B2CMigrationKit.Function.csproj", "{F9C75A5F-85B5-468D-82B5-9C5D3CF117FC}"
EndProject
Global
	GlobalSection(SolutionConfigurationPlatforms) = preSolution
		Debug|Any CPU = Debug|Any CPU
		Debug|x64 = Debug|x64
		Debug|x86 = Debug|x86
		Release|Any CPU = Release|Any CPU
		Release|x64 = Release|x64
		Release|x86 = Release|x86
	EndGlobalSection
	GlobalSection(ProjectConfigurationPlatforms) = postSolution
		{39BC12E0-E29A-49D0-AAAC-6712DB42368E}.Debug|Any CPU.ActiveCfg = Debug|Any CPU
		{39BC12E0-E29A-49D0-AAAC-6712DB42368E}.Debug|Any CPU.Build.0 = Debug|Any CPU
		{39BC12E0-E29A-49D0-AAAC-6712DB42368E}.Debug|x64.ActiveCfg = Debug|Any CPU
		{39BC12E0-E29A-49D0-AAAC-6712DB42368E}.Debug|x64.Build.0 = Debug|Any CPU
		{39BC12E0-E29A-49D0-AAAC-6712DB42368E}.Debug|x86.ActiveCfg = Debug|Any CPU
		{39BC12E0-E29A-49D0-AAAC-6712DB42368E}.Debug|x86.Build.0 = Debug|Any CPU
		{39BC12E0-E29A-49D0-AAAC-6712DB42368E}.Release|Any CPU.ActiveCfg = Release|Any CPU
		{39BC12E0-E29A-49D0-AAAC-6712DB42368E}.Release|Any CPU.Build.0 = Release|Any CPU
		{39BC12E0-E29A-49D0-AAAC-6712DB42368E}.Release|x64.ActiveCfg = Release|Any CPU
		{39BC12E0-E29A-49D0-AAAC-6712DB42368E}.Release|x64.Build.0 = Release|Any CPU
		{39BC12E0-E29A-49D0-AAAC-6712DB42368E}.Release|x86.ActiveCfg = Release|Any CPU
		{39BC12E0-E29A-49D0-AAAC-6712DB42368E}.Release|x86.Build.0 = Release|Any CPU
		{2B94A206-C3A8-4AE9-98F4-D4E7D036026E}.Debug|Any CPU.ActiveCfg = Debug|Any CPU
		{2B94A206-C3A8-4AE9-98F4-D4E7D036026E}.Debug|Any CPU.Build.0 = Debug|Any CPU
		{2B94A206-C3A8-4AE9-98F4-D4E7D036026E}.Debug|x64.ActiveCfg = Debug|Any CPU
		{2B94A206-C3A8-4AE9-98F4-D4E7D036026E}.Debug|x64.Build.0 = Debug|Any CPU
		{2B94A206-C3A8-4AE9-98F4-D4E7D036026E}.Debug|x86.ActiveCfg = Debug|Any CPU
		{2B94A206-C3A8-4AE9-98F4-D4E7D036026E}.Debug|x86.Build.0 = Debug|Any CPU
		{2B94A206-C3A8-4AE9-98F4-D4E7D036026E}.Release|Any CPU.ActiveCfg = Release|Any CPU
		{2B94A206-C3A8-4AE9-98F4-D4E7D036026E}.Release|Any CPU.Build.0 = Release|Any CPU
		{2B94A206-C3A8-4AE9-98F4-D4E7D036026E}.Release|x64.ActiveCfg = Release|Any CPU
		{2B94A206-C3A8-4AE9-98F4-D4E7D036026E}.Release|x64.Build.0 = Release|Any CPU
		{2B94A206-C3A8-4AE9-98F4-D4E7D036026E}.Release|x86.ActiveCfg = Release|Any CPU
		{2B94A206-C3A8-4AE9-98F4-D4E7D036026E}.Release|x86.Build.0 = Release|Any CPU
		{F9C75A5F-85B5-468D-82B5-9C5D3CF117FC}.Debug|Any CPU.ActiveCfg = Debug|Any CPU
		{F9C75A5F-85B5-468D-82B5-9C5D3CF117FC}.Debug|Any CPU.Build.0 = Debug|Any CPU
		{F9C75A5F-85B5-468D-82B5-9C5D3CF117FC}.Debug|x64.ActiveCfg = Debug|Any CPU
		{F9C75A5F-85B5-468D-82B5-9C5D3CF117FC}.Debug|x64.Build.0 = Debug|Any CPU
		{F9C75A5F-85B5-468D-82B5-9C5D3CF117FC}.Debug|x86.ActiveCfg = Debug|Any CPU
		{F9C75A5F-85B5-468D-82B5-9C5D3CF117FC}.Debug|x86.Build.0 = Debug|Any CPU
		{F9C75A5F-85B5-468D-82B5-9C5D3CF117FC}.Release|Any CPU.ActiveCfg = Release|Any CPU
		{F9C75A5F-85B5-468D-82B5-9C5D3CF117FC}.Release|Any CPU.Build.0 = Release|Any CPU
		{F9C75A5F-85B5-468D-82B5-9C5D3CF117FC}.Release|x64.ActiveCfg = Release|Any CPU
		{F9C75A5F-85B5-468D-82B5-9C5D3CF117FC}.Release|x64.Build.0 = Release|Any CPU
		{F9C75A5F-85B5-468D-82B5-9C5D3CF117FC}.Release|x86.ActiveCfg = Release|Any CPU
		{F9C75A5F-85B5-468D-82B5-9C5D3CF117FC}.Release|x86.Build.0 = Release|Any CPU
	EndGlobalSection
	GlobalSection(SolutionProperties) = preSolution
		HideSolutionNode = FALSE
	EndGlobalSection
	GlobalSection(NestedProjects) = preSolution
		{39BC12E0-E29A-49D0-AAAC-6712DB42368E} = {827E0CD3-B72D-47B6-A68D-7590B98EB39B}
		{2B94A206-C3A8-4AE9-98F4-D4E7D036026E} = {827E0CD3-B72D-47B6-A68D-7590B98EB39B}
		{F9C75A5F-85B5-468D-82B5-9C5D3CF117FC} = {827E0CD3-B72D-47B6-A68D-7590B98EB39B}
	EndGlobalSection
EndGlobal
